// !$*UTF8*$!
{
	archiveVersion = 1;
	classes = {
	};
	objectVersion = 46;
	objects = {

/* Begin PBXBuildFile section */
		F115B6221F5F9D400041FABB /* main.m in Sources */ = {isa = PBXBuildFile; fileRef = F115B6211F5F9D400041FABB /* main.m */; };
		F115B6251F5F9D400041FABB /* AppDelegate.m in Sources */ = {isa = PBXBuildFile; fileRef = F115B6241F5F9D400041FABB /* AppDelegate.m */; };
		F115B6281F5F9D400041FABB /* ViewController.m in Sources */ = {isa = PBXBuildFile; fileRef = F115B6271F5F9D400041FABB /* ViewController.m */; };
		F115B62B1F5F9D400041FABB /* Main.storyboard in Resources */ = {isa = PBXBuildFile; fileRef = F115B6291F5F9D400041FABB /* Main.storyboard */; };
		F115B62D1F5F9D400041FABB /* Assets.xcassets in Resources */ = {isa = PBXBuildFile; fileRef = F115B62C1F5F9D400041FABB /* Assets.xcassets */; };
		F115B6301F5F9D400041FABB /* LaunchScreen.storyboard in Resources */ = {isa = PBXBuildFile; fileRef = F115B62E1F5F9D400041FABB /* LaunchScreen.storyboard */; };
		F115B63C1F5F9F460041FABB /* QPImageToor.m in Sources */ = {isa = PBXBuildFile; fileRef = F115B63B1F5F9F460041FABB /* QPImageToor.m */; };
		F115B63F1F5F9F650041FABB /* QPBaseViewController.m in Sources */ = {isa = PBXBuildFile; fileRef = F115B63E1F5F9F650041FABB /* QPBaseViewController.m */; };
		F115B6451F5FA6160041FABB /* StretchViewController.m in Sources */ = {isa = PBXBuildFile; fileRef = F115B6441F5FA6160041FABB /* StretchViewController.m */; };
		F115B6481F5FC2B80041FABB /* cutImageViewController.m in Sources */ = {isa = PBXBuildFile; fileRef = F115B6471F5FC2B80041FABB /* cutImageViewController.m */; };
		F115B64B1F5FD6370041FABB /* upDataSizeViewController.m in Sources */ = {isa = PBXBuildFile; fileRef = F115B64A1F5FD6370041FABB /* upDataSizeViewController.m */; };
		F115B64E1F5FE9940041FABB /* puzzleViewController.m in Sources */ = {isa = PBXBuildFile; fileRef = F115B64D1F5FE9940041FABB /* puzzleViewController.m */; };
/* End PBXBuildFile section */

/* Begin PBXFileReference section */
		F115B61D1F5F9D400041FABB /* imageDemo.app */ = {isa = PBXFileReference; explicitFileType = wrapper.application; includeInIndex = 0; path = imageDemo.app; sourceTree = BUILT_PRODUCTS_DIR; };
		F115B6211F5F9D400041FABB /* main.m */ = {isa = PBXFileReference; lastKnownFileType = sourcecode.c.objc; path = main.m; sourceTree = "<group>"; };
		F115B6231F5F9D400041FABB /* AppDelegate.h */ = {isa = PBXFileReference; lastKnownFileType = sourcecode.c.h; path = AppDelegate.h; sourceTree = "<group>"; };
		F115B6241F5F9D400041FABB /* AppDelegate.m */ = {isa = PBXFileReference; lastKnownFileType = sourcecode.c.objc; path = AppDelegate.m; sourceTree = "<group>"; };
		F115B6261F5F9D400041FABB /* ViewController.h */ = {isa = PBXFileReference; lastKnownFileType = sourcecode.c.h; path = ViewController.h; sourceTree = "<group>"; };
		F115B6271F5F9D400041FABB /* ViewController.m */ = {isa = PBXFileReference; lastKnownFileType = sourcecode.c.objc; path = ViewController.m; sourceTree = "<group>"; };
		F115B62A1F5F9D400041FABB /* Base */ = {isa = PBXFileReference; lastKnownFileType = file.storyboard; name = Base; path = Base.lproj/Main.storyboard; sourceTree = "<group>"; };
		F115B62C1F5F9D400041FABB /* Assets.xcassets */ = {isa = PBXFileReference; lastKnownFileType = folder.assetcatalog; path = Assets.xcassets; sourceTree = "<group>"; };
		F115B62F1F5F9D400041FABB /* Base */ = {isa = PBXFileReference; lastKnownFileType = file.storyboard; name = Base; path = Base.lproj/LaunchScreen.storyboard; sourceTree = "<group>"; };
		F115B6311F5F9D400041FABB /* Info.plist */ = {isa = PBXFileReference; lastKnownFileType = text.plist.xml; path = Info.plist; sourceTree = "<group>"; };
		F115B63A1F5F9F460041FABB /* QPImageToor.h */ = {isa = PBXFileReference; fileEncoding = 4; lastKnownFileType = sourcecode.c.h; path = QPImageToor.h; sourceTree = "<group>"; };
		F115B63B1F5F9F460041FABB /* QPImageToor.m */ = {isa = PBXFileReference; fileEncoding = 4; lastKnownFileType = sourcecode.c.objc; path = QPImageToor.m; sourceTree = "<group>"; };
		F115B63D1F5F9F650041FABB /* QPBaseViewController.h */ = {isa = PBXFileReference; fileEncoding = 4; lastKnownFileType = sourcecode.c.h; path = QPBaseViewController.h; sourceTree = "<group>"; };
		F115B63E1F5F9F650041FABB /* QPBaseViewController.m */ = {isa = PBXFileReference; fileEncoding = 4; lastKnownFileType = sourcecode.c.objc; path = QPBaseViewController.m; sourceTree = "<group>"; };
		F115B6401F5FA30F0041FABB /* QPImage-Prefix.pch */ = {isa = PBXFileReference; lastKnownFileType = sourcecode.c.h; path = "QPImage-Prefix.pch"; sourceTree = "<group>"; };
		F115B6411F5FA3290041FABB /* define.h */ = {isa = PBXFileReference; lastKnownFileType = sourcecode.c.h; path = define.h; sourceTree = "<group>"; };
		F115B6421F5FA33F0041FABB /* include.h */ = {isa = PBXFileReference; lastKnownFileType = sourcecode.c.h; path = include.h; sourceTree = "<group>"; };
		F115B6431F5FA6160041FABB /* StretchViewController.h */ = {isa = PBXFileReference; fileEncoding = 4; lastKnownFileType = sourcecode.c.h; path = StretchViewController.h; sourceTree = "<group>"; };
		F115B6441F5FA6160041FABB /* StretchViewController.m */ = {isa = PBXFileReference; fileEncoding = 4; lastKnownFileType = sourcecode.c.objc; path = StretchViewController.m; sourceTree = "<group>"; };
		F115B6461F5FC2B80041FABB /* cutImageViewController.h */ = {isa = PBXFileReference; fileEncoding = 4; lastKnownFileType = sourcecode.c.h; path = cutImageViewController.h; sourceTree = "<group>"; };
		F115B6471F5FC2B80041FABB /* cutImageViewController.m */ = {isa = PBXFileReference; fileEncoding = 4; lastKnownFileType = sourcecode.c.objc; path = cutImageViewController.m; sourceTree = "<group>"; };
		F115B6491F5FD6370041FABB /* upDataSizeViewController.h */ = {isa = PBXFileReference; fileEncoding = 4; lastKnownFileType = sourcecode.c.h; path = upDataSizeViewController.h; sourceTree = "<group>"; };
		F115B64A1F5FD6370041FABB /* upDataSizeViewController.m */ = {isa = PBXFileReference; fileEncoding = 4; lastKnownFileType = sourcecode.c.objc; path = upDataSizeViewController.m; sourceTree = "<group>"; };
		F115B64C1F5FE9940041FABB /* puzzleViewController.h */ = {isa = PBXFileReference; fileEncoding = 4; lastKnownFileType = sourcecode.c.h; path = puzzleViewController.h; sourceTree = "<group>"; };
		F115B64D1F5FE9940041FABB /* puzzleViewController.m */ = {isa = PBXFileReference; fileEncoding = 4; lastKnownFileType = sourcecode.c.objc; path = puzzleViewController.m; sourceTree = "<group>"; };
/* End PBXFileReference section */

/* Begin PBXFrameworksBuildPhase section */
		F115B61A1F5F9D400041FABB /* Frameworks */ = {
			isa = PBXFrameworksBuildPhase;
			buildActionMask = 2147483647;
			files = (
			);
			runOnlyForDeploymentPostprocessing = 0;
		};
/* End PBXFrameworksBuildPhase section */

/* Begin PBXGroup section */
		F115B6141F5F9D400041FABB = {
			isa = PBXGroup;
			children = (
				F115B61F1F5F9D400041FABB /* imageDemo */,
				F115B61E1F5F9D400041FABB /* Products */,
			);
			sourceTree = "<group>";
		};
		F115B61E1F5F9D400041FABB /* Products */ = {
			isa = PBXGroup;
			children = (
				F115B61D1F5F9D400041FABB /* imageDemo.app */,
			);
			name = Products;
			sourceTree = "<group>";
		};
		F115B61F1F5F9D400041FABB /* imageDemo */ = {
			isa = PBXGroup;
			children = (
				F115B6391F5F9F240041FABB /* imageControllers */,
				F115B6231F5F9D400041FABB /* AppDelegate.h */,
				F115B6241F5F9D400041FABB /* AppDelegate.m */,
				F115B6261F5F9D400041FABB /* ViewController.h */,
				F115B6271F5F9D400041FABB /* ViewController.m */,
				F115B63A1F5F9F460041FABB /* QPImageToor.h */,
				F115B63B1F5F9F460041FABB /* QPImageToor.m */,
				F115B6291F5F9D400041FABB /* Main.storyboard */,
				F115B62C1F5F9D400041FABB /* Assets.xcassets */,
				F115B62E1F5F9D400041FABB /* LaunchScreen.storyboard */,
				F115B6311F5F9D400041FABB /* Info.plist */,
				F115B6201F5F9D400041FABB /* Supporting Files */,
			);
			path = imageDemo;
			sourceTree = "<group>";
		};
		F115B6201F5F9D400041FABB /* Supporting Files */ = {
			isa = PBXGroup;
			children = (
				F115B6211F5F9D400041FABB /* main.m */,
				F115B6401F5FA30F0041FABB /* QPImage-Prefix.pch */,
				F115B6411F5FA3290041FABB /* define.h */,
				F115B6421F5FA33F0041FABB /* include.h */,
			);
			name = "Supporting Files";
			sourceTree = "<group>";
		};
		F115B6391F5F9F240041FABB /* imageControllers */ = {
			isa = PBXGroup;
			children = (
				F115B63D1F5F9F650041FABB /* QPBaseViewController.h */,
				F115B63E1F5F9F650041FABB /* QPBaseViewController.m */,
				F115B6431F5FA6160041FABB /* StretchViewController.h */,
				F115B6441F5FA6160041FABB /* StretchViewController.m */,
				F115B6491F5FD6370041FABB /* upDataSizeViewController.h */,
				F115B64A1F5FD6370041FABB /* upDataSizeViewController.m */,
				F115B6461F5FC2B80041FABB /* cutImageViewController.h */,
				F115B6471F5FC2B80041FABB /* cutImageViewController.m */,
				F115B64C1F5FE9940041FABB /* puzzleViewController.h */,
				F115B64D1F5FE9940041FABB /* puzzleViewController.m */,
			);
			name = imageControllers;
			sourceTree = "<group>";
		};
/* End PBXGroup section */

/* Begin PBXNativeTarget section */
		F115B61C1F5F9D400041FABB /* imageDemo */ = {
			isa = PBXNativeTarget;
			buildConfigurationList = F115B6341F5F9D400041FABB /* Build configuration list for PBXNativeTarget "imageDemo" */;
			buildPhases = (
				F115B6191F5F9D400041FABB /* Sources */,
				F115B61A1F5F9D400041FABB /* Frameworks */,
				F115B61B1F5F9D400041FABB /* Resources */,
			);
			buildRules = (
			);
			dependencies = (
			);
			name = imageDemo;
			productName = imageDemo;
			productReference = F115B61D1F5F9D400041FABB /* imageDemo.app */;
			productType = "com.apple.product-type.application";
		};
/* End PBXNativeTarget section */

/* Begin PBXProject section */
		F115B6151F5F9D400041FABB /* Project object */ = {
			isa = PBXProject;
			attributes = {
				LastUpgradeCheck = 0830;
				ORGANIZATIONNAME = "枫、";
				TargetAttributes = {
					F115B61C1F5F9D400041FABB = {
						CreatedOnToolsVersion = 8.3.3;
						DevelopmentTeam = QJ49G4WFMV;
						ProvisioningStyle = Automatic;
					};
				};
			};
			buildConfigurationList = F115B6181F5F9D400041FABB /* Build configuration list for PBXProject "imageDemo" */;
			compatibilityVersion = "Xcode 3.2";
			developmentRegion = English;
			hasScannedForEncodings = 0;
			knownRegions = (
				en,
				Base,
			);
			mainGroup = F115B6141F5F9D400041FABB;
			productRefGroup = F115B61E1F5F9D400041FABB /* Products */;
			projectDirPath = "";
			projectRoot = "";
			targets = (
				F115B61C1F5F9D400041FABB /* imageDemo */,
			);
		};
/* End PBXProject section */

/* Begin PBXResourcesBuildPhase section */
		F115B61B1F5F9D400041FABB /* Resources */ = {
			isa = PBXResourcesBuildPhase;
			buildActionMask = 2147483647;
			files = (
				F115B6301F5F9D400041FABB /* LaunchScreen.storyboard in Resources */,
				F115B62D1F5F9D400041FABB /* Assets.xcassets in Resources */,
				F115B62B1F5F9D400041FABB /* Main.storyboard in Resources */,
			);
			runOnlyForDeploymentPostprocessing = 0;
		};
/* End PBXResourcesBuildPhase section */

/* Begin PBXSourcesBuildPhase section */
		F115B6191F5F9D400041FABB /* Sources */ = {
			isa = PBXSourcesBuildPhase;
			buildActionMask = 2147483647;
			files = (
				F115B63C1F5F9F460041FABB /* QPImageToor.m in Sources */,
				F115B63F1F5F9F650041FABB /* QPBaseViewController.m in Sources */,
				F115B6481F5FC2B80041FABB /* cutImageViewController.m in Sources */,
				F115B6281F5F9D400041FABB /* ViewController.m in Sources */,
				F115B6251F5F9D400041FABB /* AppDelegate.m in Sources */,
				F115B6451F5FA6160041FABB /* StretchViewController.m in Sources */,
				F115B64B1F5FD6370041FABB /* upDataSizeViewController.m in Sources */,
				F115B6221F5F9D400041FABB /* main.m in Sources */,
				F115B64E1F5FE9940041FABB /* puzzleViewController.m in Sources */,
			);
			runOnlyForDeploymentPostprocessing = 0;
		};
/* End PBXSourcesBuildPhase section */

/* Begin PBXVariantGroup section */
		F115B6291F5F9D400041FABB /* Main.storyboard */ = {
			isa = PBXVariantGroup;
			children = (
				F115B62A1F5F9D400041FABB /* Base */,
			);
			name = Main.storyboard;
			sourceTree = "<group>";
		};
		F115B62E1F5F9D400041FABB /* LaunchScreen.storyboard */ = {
			isa = PBXVariantGroup;
			children = (
				F115B62F1F5F9D400041FABB /* Base */,
			);
			name = LaunchScreen.storyboard;
			sourceTree = "<group>";
		};
/* End PBXVariantGroup section */

/* Begin XCBuildConfiguration section */
		F115B6321F5F9D400041FABB /* Debug */ = {
			isa = XCBuildConfiguration;
			buildSettings = {
				ALWAYS_SEARCH_USER_PATHS = NO;
				CLANG_ANALYZER_NONNULL = YES;
				CLANG_ANALYZER_NUMBER_OBJECT_CONVERSION = YES_AGGRESSIVE;
				CLANG_CXX_LANGUAGE_STANDARD = "gnu++0x";
				CLANG_CXX_LIBRARY = "libc++";
				CLANG_ENABLE_MODULES = YES;
				CLANG_ENABLE_OBJC_ARC = YES;
				CLANG_WARN_BOOL_CONVERSION = YES;
				CLANG_WARN_CONSTANT_CONVERSION = YES;
				CLANG_WARN_DIRECT_OBJC_ISA_USAGE = YES_ERROR;
				CLANG_WARN_DOCUMENTATION_COMMENTS = YES;
				CLANG_WARN_EMPTY_BODY = YES;
				CLANG_WARN_ENUM_CONVERSION = YES;
				CLANG_WARN_INFINITE_RECURSION = YES;
				CLANG_WARN_INT_CONVERSION = YES;
				CLANG_WARN_OBJC_ROOT_CLASS = YES_ERROR;
				CLANG_WARN_SUSPICIOUS_MOVE = YES;
				CLANG_WARN_UNREACHABLE_CODE = YES;
				CLANG_WARN__DUPLICATE_METHOD_MATCH = YES;
				"CODE_SIGN_IDENTITY[sdk=iphoneos*]" = "iPhone Developer";
				COPY_PHASE_STRIP = NO;
				DEBUG_INFORMATION_FORMAT = dwarf;
				ENABLE_STRICT_OBJC_MSGSEND = YES;
				ENABLE_TESTABILITY = YES;
				GCC_C_LANGUAGE_STANDARD = gnu99;
				GCC_DYNAMIC_NO_PIC = NO;
				GCC_NO_COMMON_BLOCKS = YES;
				GCC_OPTIMIZATION_LEVEL = 0;
				GCC_PREFIX_HEADER = "$(SRCROOT)/imageDemo/QPImage-Prefix.pch";
				GCC_PREPROCESSOR_DEFINITIONS = (
					"DEBUG=1",
					"$(inherited)",
				);
				GCC_WARN_64_TO_32_BIT_CONVERSION = YES;
				GCC_WARN_ABOUT_RETURN_TYPE = YES_ERROR;
				GCC_WARN_UNDECLARED_SELECTOR = YES;
				GCC_WARN_UNINITIALIZED_AUTOS = YES_AGGRESSIVE;
				GCC_WARN_UNUSED_FUNCTION = YES;
				GCC_WARN_UNUSED_VARIABLE = YES;
				IPHONEOS_DEPLOYMENT_TARGET = 10.3;
				MTL_ENABLE_DEBUG_INFO = YES;
				ONLY_ACTIVE_ARCH = YES;
				SDKROOT = iphoneos;
				TARGETED_DEVICE_FAMILY = "1,2";
			};
			name = Debug;
		};
		F115B6331F5F9D400041FABB /* Release */ = {
			isa = XCBuildConfiguration;
			buildSettings = {
				ALWAYS_SEARCH_USER_PATHS = NO;
				CLANG_ANALYZER_NONNULL = YES;
				CLANG_ANALYZER_NUMBER_OBJECT_CONVERSION = YES_AGGRESSIVE;
				CLANG_CXX_LANGUAGE_STANDARD = "gnu++0x";
				CLANG_CXX_LIBRARY = "libc++";
				CLANG_ENABLE_MODULES = YES;
				CLANG_ENABLE_OBJC_ARC = YES;
				CLANG_WARN_BOOL_CONVERSION = YES;
				CLANG_WARN_CONSTANT_CONVERSION = YES;
				CLANG_WARN_DIRECT_OBJC_ISA_USAGE = YES_ERROR;
				CLANG_WARN_DOCUMENTATION_COMMENTS = YES;
				CLANG_WARN_EMPTY_BODY = YES;
				CLANG_WARN_ENUM_CONVERSION = YES;
				CLANG_WARN_INFINITE_RECURSION = YES;
				CLANG_WARN_INT_CONVERSION = YES;
				CLANG_WARN_OBJC_ROOT_CLASS = YES_ERROR;
				CLANG_WARN_SUSPICIOUS_MOVE = YES;
				CLANG_WARN_UNREACHABLE_CODE = YES;
				CLANG_WARN__DUPLICATE_METHOD_MATCH = YES;
				"CODE_SIGN_IDENTITY[sdk=iphoneos*]" = "iPhone Developer";
				COPY_PHASE_STRIP = NO;
				DEBUG_INFORMATION_FORMAT = "dwarf-with-dsym";
				ENABLE_NS_ASSERTIONS = NO;
				ENABLE_STRICT_OBJC_MSGSEND = YES;
				GCC_C_LANGUAGE_STANDARD = gnu99;
				GCC_NO_COMMON_BLOCKS = YES;
				GCC_PREFIX_HEADER = "$(SRCROOT)/imageDemo/QPImage-Prefix.pch";
				GCC_WARN_64_TO_32_BIT_CONVERSION = YES;
				GCC_WARN_ABOUT_RETURN_TYPE = YES_ERROR;
				GCC_WARN_UNDECLARED_SELECTOR = YES;
				GCC_WARN_UNINITIALIZED_AUTOS = YES_AGGRESSIVE;
				GCC_WARN_UNUSED_FUNCTION = YES;
				GCC_WARN_UNUSED_VARIABLE = YES;
				IPHONEOS_DEPLOYMENT_TARGET = 10.3;
				MTL_ENABLE_DEBUG_INFO = NO;
				SDKROOT = iphoneos;
				TARGETED_DEVICE_FAMILY = "1,2";
				VALIDATE_PRODUCT = YES;
			};
			name = Release;
		};
		F115B6351F5F9D400041FABB /* Debug */ = {
			isa = XCBuildConfiguration;
			buildSettings = {
				ASSETCATALOG_COMPILER_APPICON_NAME = AppIcon;
				DEVELOPMENT_TEAM = QJ49G4WFMV;
				INFOPLIST_FILE = imageDemo/Info.plist;
				LD_RUNPATH_SEARCH_PATHS = "$(inherited) @executable_path/Frameworks";
				PRODUCT_BUNDLE_IDENTIFIER = qp.imageDemo;
				PRODUCT_NAME = "$(TARGET_NAME)";
			};
			name = Debug;
		};
		F115B6361F5F9D400041FABB /* Release */ = {
			isa = XCBuildConfiguration;
			buildSettings = {
				ASSETCATALOG_COMPILER_APPICON_NAME = AppIcon;
				DEVELOPMENT_TEAM = QJ49G4WFMV;
				INFOPLIST_FILE = imageDemo/Info.plist;
				LD_RUNPATH_SEARCH_PATHS = "$(inherited) @executable_path/Frameworks";
				PRODUCT_BUNDLE_IDENTIFIER = qp.imageDemo;
				PRODUCT_NAME = "$(TARGET_NAME)";
			};
			name = Release;
		};
/* End XCBuildConfiguration section */

/* Begin XCConfigurationList section */
		F115B6181F5F9D400041FABB /* Build configuration list for PBXProject "imageDemo" */ = {
			isa = XCConfigurationList;
			buildConfigurations = (
				F115B6321F5F9D400041FABB /* Debug */,
				F115B6331F5F9D400041FABB /* Release */,
			);
			defaultConfigurationIsVisible = 0;
			defaultConfigurationName = Release;
		};
		F115B6341F5F9D400041FABB /* Build configuration list for PBXNativeTarget "imageDemo" */ = {
			isa = XCConfigurationList;
			buildConfigurations = (
				F115B6351F5F9D400041FABB /* Debug */,
				F115B6361F5F9D400041FABB /* Release */,
			);
			defaultConfigurationIsVisible = 0;
		};
/* End XCConfigurationList section */
	};
	rootObject = F115B6151F5F9D400041FABB /* Project object */;
}
